{
    "_readme": [
        "This file locks the dependencies of your project to a known state",
        "Read more about it at https://getcomposer.org/doc/01-basic-usage.md#installing-dependencies",
        "This file is @generated automatically"
    ],
    "content-hash": "9edd24f645a5a56c3659256fab7eb9ff",
    "packages": [
        {
            "name": "mobiledetect/mobiledetectlib",
            "version": "dev-master",
            "dist": {
                "type": "path",
                "url": "../../../packages/mobiledetect/mobiledetectlib",
                "reference": "929433c0d5cb0449b5d7cf3a5ffb1d71f7f9b4af",
                "shasum": null
            },
            "require": {
                "php": ">=5.0.0"
            },
            "require-dev": {
                "phpunit/phpunit": "~4.8.35||~5.7"
            },
            "type": "library",
            "autoload": {
                "classmap": [
                    "Mobile_Detect.php"
                ],
                "psr-0": {
                    "Detection": "namespaced/"
                }
            },
            "license": [
                "MIT"
            ],
            "authors": [
                {
                    "name": "Serban Ghita",
                    "email": "serbanghita@gmail.com",
                    "homepage": "http://mobiledetect.net",
                    "role": "Developer"
                }
            ],
            "description": "Mobile_Detect is a lightweight PHP class for detecting mobile devices. It uses the User-Agent string combined with specific HTTP headers to detect the mobile environment.",
            "homepage": "https://github.com/serbanghita/Mobile-Detect",
            "keywords": [
                "detect mobile devices",
                "mobile",
                "mobile detect",
                "mobile detector",
                "php mobile detect"
            ]
        },
        {
            "name": "mrclay/minify",
            "version": "dev-master",
            "dist": {
                "type": "path",
                "url": "../../../packages/mrclay/minify",
                "reference": "18c80cbe6ac51ed567a39d0529f6072204326c12",
                "shasum": null
            },
            "require": {
                "ext-pcre": "*",
                "php": ">=5.2.1"
            },
            "require-dev": {
                "tubalmartin/cssmin": "~2.4.8"
            },
            "suggest": {
                "tubalmartin/cssmin": "Support minify with CSSMin (YUI PHP port)"
            },
            "type": "library",
            "autoload": {
                "classmap": [
                    "min/lib/"
                ]
            },
            "license": [
                "BSD-3-Clause"
            ],
            "authors": [
                {
                    "name": "Stephen Clay",
                    "email": "steve@mrclay.org",
                    "role": "Developer"
                }
            ],
            "description": "Minify is a PHP5 app that helps you follow several rules for client-side performance. It combines multiple CSS or Javascript files, removes unnecessary whitespace and comments, and serves them with gzip encoding and optimal client-side cache headers",
            "homepage": "http://code.google.com/p/minify/",
            "support": {
                "email": "minify@googlegroups.com",
                "issues": "http://code.google.com/p/minify/issues/list",
                "wiki": "http://code.google.com/p/minify/w/list"
            }
        },
        {
            "name": "mvccore/ext-auth",
            "version": "dev-master",
            "dist": {
                "type": "path",
                "url": "../../../packages/mvccore/ext-auth",
                "reference": "b7e6fa783075583ff321d8877f5b6aef48804ef3",
                "shasum": null
            },
            "require": {
                "mvccore/ext-auth-basic": "dev-master",
                "mvccore/mvccore": "dev-master",
                "php": ">=5.4.0"
            },
            "type": "library",
            "autoload": {
                "classmap": [
                    "src/"
                ]
            },
            "license": [
                "BSD-3-Clause"
            ],
            "authors": [
                {
                    "name": "Tom Flidr",
                    "homepage": "https://github.com/tomFlidr"
                }
            ],
            "description": "MvcCore - Extension - Auth - authentication module with automatic authentication module type detection by loaded classes.",
            "keywords": [
                "auth",
                "authenticate",
                "authentication",
                "authorization",
                "ext",
                "extension",
                "framework",
                "log in",
                "log out",
                "login",
                "logout",
                "mvc",
                "mvccore",
                "plug-in",
                "plugin",
                "sign in",
                "sign out",
                "signin",
                "signout",
                "user"
            ]
        },
        {
            "name": "mvccore/ext-auth-basic",
            "version": "dev-master",
            "dist": {
                "type": "path",
                "url": "../../../packages/mvccore/ext-auth-basic",
                "reference": "86213491b8755b881f9d254039bd4601c58e98a1",
                "shasum": null
            },
            "require": {
                "mvccore/ext-form": "dev-master",
                "mvccore/ext-form-field-text": "dev-master",
                "mvccore/mvccore": "dev-master",
                "php": ">=5.4.0"
            },
            "type": "library",
            "autoload": {
                "classmap": [
                    "src/"
                ]
            },
            "license": [
                "BSD-3-Clause"
            ],
            "authors": [
                {
                    "name": "Tom Flidr",
                    "homepage": "https://github.com/tomFlidr"
                }
            ],
            "description": "MvcCore - Extension - Auth - Basic - simple authentication extension, only to signin/signout user. Extension can use credentials defined in system `config.ini` or in database. Possibility to extend user, signin/signout forms, submit controller and extension class itself.",
            "keywords": [
                "auth",
                "authenticate",
                "authentication",
                "authorization",
                "ext",
                "extension",
                "framework",
                "log in",
                "log out",
                "login",
                "logout",
                "mvc",
                "mvccore",
                "plug-in",
                "plugin",
                "sign in",
                "sign out",
                "signin",
                "signout",
                "user"
            ]
        },
        {
            "name": "mvccore/ext-debug-tracy",
            "version": "dev-master",
            "dist": {
                "type": "path",
                "url": "../../../packages/mvccore/ext-debug-tracy",
                "reference": "4efde935e198e649c7a4a59189c992b5bb5be20e",
                "shasum": null
            },
            "require": {
                "mvccore/mvccore": "dev-master",
                "php": ">=5.4.0",
                "tracy/tracy": "^2.4"
            },
            "type": "library",
            "autoload": {
                "classmap": [
                    "src/"
                ]
            },
            "license": [
                "BSD-3-Clause"
            ],
            "authors": [
                {
                    "name": "Tom Flidr",
                    "homepage": "https://github.com/tomFlidr"
                }
            ],
            "description": "MvcCore - Extension - Debug - Tracy - adapter class for Nette framework tracy/tracy library.",
            "keywords": [
                "debug",
                "debug bar",
                "ext",
                "extension",
                "framework",
                "mvc",
                "mvccore",
                "nette",
                "plug-in",
                "plugin",
                "tracy",
                "var dumping"
            ]
        },
        {
            "name": "mvccore/ext-debug-tracy-auth",
            "version": "dev-master",
            "dist": {
                "type": "path",
                "url": "../../../packages/mvccore/ext-debug-tracy-auth",
                "reference": "ccd0e1e6857ba5fe03b0a56199cd8b1176329535",
                "shasum": null
            },
            "require": {
                "mvccore/ext-auth": "dev-master",
                "mvccore/ext-debug-tracy": "dev-master",
                "mvccore/mvccore": "dev-master",
                "php": ">=5.4.0"
            },
            "type": "library",
            "autoload": {
                "classmap": [
                    "src/"
                ]
            },
            "license": [
                "BSD-3-Clause"
            ],
            "authors": [
                {
                    "name": "Tom Flidr",
                    "homepage": "https://github.com/tomFlidr"
                }
            ],
            "description": "MvcCore - Extension - Debug - Tracy - Panel Auth - render and add into tracy debug panel currently authenticated user from \\MvcCore\\Ext\\Auth service singleton instance, printed by \\Tracy\\Dumper::toHtml(\\MvcCore\\Ext\\Auth::GetInstance()->GetUser());.",
            "keywords": [
                "auth",
                "authenticate",
                "authentication",
                "authorization",
                "debug",
                "ext",
                "extension",
                "framework",
                "log in",
                "log out",
                "login",
                "logout",
                "mvc",
                "mvccore",
                "nette",
                "plug-in",
                "plugin",
                "sign in",
                "sign out",
                "signin",
                "signout",
                "tracy",
                "user"
            ]
        },
        {
            "name": "mvccore/ext-debug-tracy-mvccore",
            "version": "dev-master",
            "dist": {
                "type": "path",
                "url": "../../../packages/mvccore/ext-debug-tracy-mvccore",
                "reference": "6a4577e14fd6d64268e5042a95405d4723763f16",
                "shasum": null
            },
            "require": {
                "mvccore/ext-debug-tracy": "dev-master",
                "mvccore/mvccore": "dev-master",
                "php": ">=5.4.0"
            },
            "type": "library",
            "autoload": {
                "classmap": [
                    "src/"
                ]
            },
            "license": [
                "BSD-3-Clause"
            ],
            "authors": [
                {
                    "name": "Tom Flidr",
                    "homepage": "https://github.com/tomFlidr"
                }
            ],
            "description": "MvcCore - Extension - Debug - Tracy - Panel MvcCore - render and add into tracy debug panel current MvcCore application instance, printed by \\Tracy\\Dumper::toHtml(\\MvcCore\\Application::GetInstance()); to display main application objects used to render current page response. Rendered objects inside MvcCore app: \\MvcCore\\Request, \\MvcCore\\Response, \\MvcCore\\Router, \\MvcCore\\Controller, all preroute, predispatch and postdispatch configured handlers and many other internal application values.",
            "keywords": [
                "app overview",
                "application",
                "controller",
                "debug",
                "ext",
                "extension",
                "framework",
                "handlers",
                "instance",
                "internals",
                "mvc",
                "mvccore",
                "nette",
                "plug-in",
                "plugin",
                "request",
                "response",
                "router",
                "tracy"
            ]
        },
        {
            "name": "mvccore/ext-debug-tracy-routing",
            "version": "dev-master",
            "dist": {
                "type": "path",
                "url": "../../../packages/mvccore/ext-debug-tracy-routing",
                "reference": "63df7e6e40f0c9ea163d841278078ae836267f18",
                "shasum": null
            },
            "require": {
                "mvccore/ext-debug-tracy": "dev-master",
                "mvccore/mvccore": "dev-master",
                "php": ">=5.4.0"
            },
            "type": "library",
            "autoload": {
                "classmap": [
                    "src/"
                ]
            },
            "license": [
                "BSD-3-Clause"
            ],
            "authors": [
                {
                    "name": "Tom Flidr",
                    "homepage": "https://github.com/tomFlidr"
                }
            ],
            "description": "MvcCore - Extension - Debug - Tracy - Panel Routing - render and add into tracy debug panel all configured routes in current MvcCore application router and to display currently matched route.",
            "keywords": [
                "active route",
                "current route",
                "debug",
                "ext",
                "extension",
                "framework",
                "mvc",
                "mvccore",
                "nette",
                "plug-in",
                "plugin",
                "route",
                "router",
                "routes",
                "routing",
                "tracy"
            ]
        },
        {
            "name": "mvccore/ext-debug-tracy-session",
            "version": "dev-master",
            "dist": {
                "type": "path",
                "url": "../../../packages/mvccore/ext-debug-tracy-session",
                "reference": "972e94cbdfd1a0e54aa4db8a37df47c16484da05",
                "shasum": null
            },
            "require": {
                "mvccore/ext-debug-tracy": "dev-master",
                "mvccore/mvccore": "dev-master",
                "php": ">=5.4.0"
            },
            "type": "library",
            "autoload": {
                "classmap": [
                    "src/"
                ]
            },
            "license": [
                "BSD-3-Clause"
            ],
            "authors": [
                {
                    "name": "Tom Flidr",
                    "homepage": "https://github.com/tomFlidr"
                }
            ],
            "description": "MvcCore - Extension - Debug - Tracy - Panel Session - render and add into tracy debug panel $_SESSION content and \\MvcCore\\Session namespaces content.",
            "keywords": [
                "basic session",
                "debug",
                "ext",
                "extension",
                "framework",
                "mvc",
                "mvccore",
                "nette",
                "plug-in",
                "plugin",
                "session",
                "session namespace",
                "tracy"
            ]
        },
        {
            "name": "mvccore/ext-form",
            "version": "dev-master",
            "dist": {
                "type": "path",
                "url": "../../../packages/mvccore/ext-form",
                "reference": "0cfc35ec545d76327d27ff7f4ca5bf2a75fba78f",
                "shasum": null
            },
            "require": {
                "mvccore/mvccore": "dev-master",
                "php": ">=5.4.0"
            },
            "suggest": {
                "mvccore/ext-form-field-button": "MvcCore form extension with button fields and input submit fields.",
                "mvccore/ext-form-field-date": "MvcCore form extension with input field types date, datetime, time, week and month.",
                "mvccore/ext-form-field-numeric": "MvcCore form extension with input field types number and range.",
                "mvccore/ext-form-field-selection": "MvcCore form extension with fields select, country select, checkbox(es) and radios.",
                "mvccore/ext-form-field-special": "MvcCore form extension with input type file and color.",
                "mvccore/ext-form-field-text": "MvcCore form extension with input field types text, email, password, search, tel, url and textarea field.",
                "mvccore/ext-form-validator-special": "MvcCore form extension with special text and numeric validators."
            },
            "type": "library",
            "autoload": {
                "classmap": [
                    "src/"
                ]
            },
            "license": [
                "BSD-3-Clause"
            ],
            "authors": [
                {
                    "name": "Tom Flidr",
                    "homepage": "https://github.com/tomFlidr"
                }
            ],
            "description": "MvcCore - Extension - Form - form extension with base classes to create and render web forms with HTML5 controls, to handle and validate submited user data, to manage forms sessions for default values, to manage user input errors and to extend and develop custom fields and field groups.",
            "keywords": [
                "button",
                "checkbox",
                "color",
                "date",
                "date",
                "datetime",
                "dynamic",
                "email",
                "ext",
                "extension",
                "field",
                "fields",
                "file",
                "form",
                "forms",
                "framework",
                "groups",
                "html5",
                "image",
                "input",
                "inputs",
                "month",
                "mvc",
                "mvccore",
                "mvccore",
                "number",
                "plug-in",
                "plugin",
                "radio",
                "range",
                "reset",
                "search",
                "select",
                "tel",
                "text",
                "textarea",
                "time",
                "url",
                "webform",
                "week"
            ]
        },
        {
            "name": "mvccore/ext-form-field-button",
            "version": "dev-master",
            "dist": {
                "type": "path",
                "url": "../../../packages/mvccore/ext-form-field-button",
                "reference": "4004dcdec99e5d0f1cc45fdada47044da6a55be4",
                "shasum": null
            },
            "require": {
                "mvccore/ext-form": "dev-master",
                "mvccore/mvccore": "dev-master",
                "php": ">=5.4.0"
            },
            "type": "library",
            "autoload": {
                "classmap": [
                    "src/"
                ]
            },
            "license": [
                "BSD-3-Clause"
            ],
            "authors": [
                {
                    "name": "Tom Flidr",
                    "homepage": "https://github.com/tomFlidr"
                }
            ],
            "description": "MvcCore - Extension - Form - Field - Button - form field types - button:submit, button:reset, input:submit, input:reset and image.",
            "keywords": [
                "button",
                "buttons",
                "ext",
                "extension",
                "form",
                "forms",
                "framework",
                "html5",
                "image",
                "mvc",
                "mvccore",
                "mvccore",
                "plug-in",
                "plugin",
                "reset",
                "resets",
                "submit",
                "submit",
                "submits",
                "submitting",
                "webform"
            ]
        },
        {
            "name": "mvccore/ext-form-field-date",
            "version": "dev-master",
            "dist": {
                "type": "path",
                "url": "../../../packages/mvccore/ext-form-field-date",
                "reference": "1b141bd1e00a070e041da6f63e5453df723dab28",
                "shasum": null
            },
            "require": {
                "mvccore/ext-form": "dev-master",
                "mvccore/mvccore": "dev-master",
                "php": ">=5.4.0"
            },
            "type": "library",
            "autoload": {
                "classmap": [
                    "src/"
                ]
            },
            "license": [
                "BSD-3-Clause"
            ],
            "authors": [
                {
                    "name": "Tom Flidr",
                    "homepage": "https://github.com/tomFlidr"
                }
            ],
            "description": "MvcCore - Extension - Form - Field - Date - form field types - input:date, input:datetime-local, input:time, input:week and input:month.",
            "keywords": [
                "date",
                "datetime",
                "datetime-local",
                "ext",
                "extension",
                "form",
                "forms",
                "framework",
                "html5",
                "input",
                "inputs",
                "month",
                "mvc",
                "mvccore",
                "mvccore",
                "plug-in",
                "plugin",
                "time",
                "webform",
                "week"
            ]
        },
        {
            "name": "mvccore/ext-form-field-numeric",
            "version": "dev-master",
            "dist": {
                "type": "path",
                "url": "../../../packages/mvccore/ext-form-field-numeric",
                "reference": "0f0fbb5937d83cc49e935a8e5859660cba156bc6",
                "shasum": null
            },
            "require": {
                "mvccore/ext-form": "dev-master",
                "mvccore/ext-tool-locale-floatparser": "dev-master",
                "mvccore/mvccore": "dev-master",
                "php": ">=5.4.0"
            },
            "suggest": {
                "mvccore/ext-form-validator-special": "MvcCore form extension with special text and numeric validators."
            },
            "type": "library",
            "autoload": {
                "classmap": [
                    "src/"
                ]
            },
            "license": [
                "BSD-3-Clause"
            ],
            "authors": [
                {
                    "name": "Tom Flidr",
                    "homepage": "https://github.com/tomFlidr"
                }
            ],
            "description": "MvcCore - Extension - Form - Field - Numeric - form field types - input:number and input:range.",
            "keywords": [
                "ext",
                "extension",
                "float",
                "form",
                "forms",
                "framework",
                "html5",
                "input",
                "inputs",
                "int",
                "integer",
                "multiple",
                "mvc",
                "mvccore",
                "mvccore",
                "number",
                "plug-in",
                "plugin",
                "range",
                "slider",
                "webform"
            ]
        },
        {
            "name": "mvccore/ext-form-field-selection",
            "version": "dev-master",
            "dist": {
                "type": "path",
                "url": "../../../packages/mvccore/ext-form-field-selection",
                "reference": "5733dcf94b3ed5834ced65afb87b0e0447028ad1",
                "shasum": null
            },
            "require": {
                "mvccore/ext-form": "dev-master",
                "mvccore/mvccore": "dev-master",
                "php": ">=5.4.0"
            },
            "type": "library",
            "autoload": {
                "classmap": [
                    "src/"
                ]
            },
            "license": [
                "BSD-3-Clause"
            ],
            "authors": [
                {
                    "name": "Tom Flidr",
                    "homepage": "https://github.com/tomFlidr"
                }
            ],
            "description": "MvcCore - Extension - Form - Field - Selection - form field types - select, country select, checkbox, radio button, color and checkboxes group.",
            "keywords": [
                "checkbox",
                "checkbox group",
                "checkboxes",
                "color",
                "colors",
                "countires",
                "country",
                "country select",
                "ext",
                "extension",
                "form",
                "forms",
                "framework",
                "groups",
                "html5",
                "input",
                "inputs",
                "mvc",
                "mvccore",
                "mvccore",
                "plug-in",
                "plugin",
                "radio",
                "radiobutton",
                "radios",
                "select",
                "selects",
                "states",
                "switch",
                "webform"
            ]
        },
        {
            "name": "mvccore/ext-form-field-text",
            "version": "dev-master",
            "dist": {
                "type": "path",
                "url": "../../../packages/mvccore/ext-form-field-text",
                "reference": "6dcd005b9a5002dbb936b5a138adf207887b9f71",
                "shasum": null
            },
            "require": {
                "mvccore/ext-form": "dev-master",
                "mvccore/mvccore": "dev-master",
                "php": ">=5.4.0"
            },
            "suggest": {
                "mvccore/ext-form-validator-special": "MvcCore form extension with special text and numeric validators."
            },
            "type": "library",
            "autoload": {
                "classmap": [
                    "src/"
                ]
            },
            "license": [
                "BSD-3-Clause"
            ],
            "authors": [
                {
                    "name": "Tom Flidr",
                    "homepage": "https://github.com/tomFlidr"
                }
            ],
            "description": "MvcCore - Extension - Form - Field - Text - form field types - input:text, input:email, input:password, input:search, input:tel, input:url and textarea.",
            "keywords": [
                "email",
                "emails",
                "ext",
                "extension",
                "form",
                "forms",
                "framework",
                "gsm",
                "html5",
                "input",
                "inputs",
                "mobile",
                "mvc",
                "mvccore",
                "mvccore",
                "password",
                "phone",
                "plug-in",
                "plugin",
                "search",
                "tel",
                "telephone",
                "text",
                "textarea",
                "texts",
                "url",
                "webform"
            ]
        },
        {
            "name": "mvccore/ext-form-validator-special",
            "version": "dev-master",
            "dist": {
                "type": "path",
                "url": "../../../packages/mvccore/ext-form-validator-special",
                "reference": "62dc44b49580bfb0fb6a8fc6c76a4f939de235cf",
                "shasum": null
            },
            "require": {
                "mvccore/ext-form": "dev-master",
                "mvccore/mvccore": "dev-master",
                "php": ">=5.4.0"
            },
            "suggest": {
                "mvccore/ext-form-field-numeric": "MvcCore form extension with input field types number and range.",
                "mvccore/ext-form-field-text": "MvcCore form extension with input field types text, email, password, search, tel, url and textarea field."
            },
            "type": "library",
            "autoload": {
                "classmap": [
                    "src/"
                ]
            },
            "license": [
                "BSD-3-Clause"
            ],
            "authors": [
                {
                    "name": "Tom Flidr",
                    "homepage": "https://github.com/tomFlidr"
                }
            ],
            "description": "MvcCore - Extension - Form - Validator - Special - form special text and numeric validators - company ID (EU), company VAT ID (EU), credit card, hexadecimal number, IBAN bank account number, IP address and ZIP code.",
            "keywords": [
                "account",
                "address",
                "bank",
                "card",
                "code",
                "company",
                "company id",
                "creaditcard",
                "credit",
                "eu",
                "ext",
                "extension",
                "form",
                "forms",
                "framework",
                "hex",
                "hexadecimal",
                "html5",
                "iban",
                "id",
                "ip",
                "ipv4",
                "ipv6",
                "mvc",
                "mvccore",
                "mvccore",
                "numbers",
                "numeric",
                "payment",
                "plug-in",
                "plugin",
                "special",
                "text",
                "validator",
                "validators",
                "vat",
                "webform",
                "zip",
                "zip code"
            ]
        },
        {
            "name": "mvccore/ext-router-media",
            "version": "dev-master",
            "dist": {
                "type": "path",
                "url": "../../../packages/mvccore/ext-router-media",
                "reference": "f7a20404666bf707543bd1ddbd04ef089a83c6e4",
                "shasum": null
            },
            "require": {
                "mobiledetect/mobiledetectlib": "*",
                "mvccore/mvccore": "dev-master",
                "php": ">=5.4.0"
            },
            "type": "library",
            "autoload": {
                "classmap": [
                    "src/"
                ]
            },
            "license": [
                "BSD-3-Clause"
            ],
            "authors": [
                {
                    "name": "Tom Flidr",
                    "homepage": "https://github.com/tomFlidr"
                }
            ],
            "description": "MvcCore - Extension - Router - Media - router to have media site version (full/tablet/mobile) flag in every GET url, very configurable.",
            "keywords": [
                "address",
                "ext",
                "extension",
                "flag",
                "framework",
                "full",
                "media",
                "mobile",
                "mvc",
                "mvccore",
                "plug-in",
                "plugin",
                "router",
                "routes",
                "routing",
                "site",
                "tablet",
                "version"
            ]
        },
        {
            "name": "mvccore/ext-tool-locale-floatparser",
            "version": "dev-master",
            "dist": {
                "type": "path",
                "url": "../../../packages/mvccore/ext-tool-locale-floatparser",
                "reference": "71a7773205cacd9a72fdb38ae62ba618624d457a",
                "shasum": null
            },
            "require": {
                "php": ">=5.4.0"
            },
            "type": "library",
            "autoload": {
                "classmap": [
                    "src/"
                ]
            },
            "license": [
                "BSD-3-Clause"
            ],
            "authors": [
                {
                    "name": "Tom Flidr",
                    "homepage": "https://github.com/tomFlidr"
                }
            ],
            "description": "MvcCore - Extension - Tool - Locale - FloatParser - Parse float by automatic floating point detection or parse float value by `Intl` extension.",
            "keywords": [
                "ext",
                "extension",
                "framework",
                "internationalization",
                "languages",
                "locales",
                "localization",
                "mvc",
                "mvccore",
                "plug-in",
                "plugin",
                "setlocale",
                "teritories",
                "tool"
            ]
        },
        {
            "name": "mvccore/ext-tool-mimetype-extension",
            "version": "dev-master",
            "dist": {
                "type": "path",
                "url": "../../../packages/mvccore/ext-tool-mimetype-extension",
                "reference": "4911ae06a0b210804fd49acf721bee1e6dc44765",
                "shasum": null
            },
            "require": {
                "php": ">=5.4.0"
            },
            "type": "library",
            "autoload": {
                "classmap": [
                    "src/"
                ]
            },
            "license": [
                "BSD-3-Clause"
            ],
            "authors": [
                {
                    "name": "Tom Flidr",
                    "homepage": "https://github.com/tomFlidr"
                }
            ],
            "description": "MvcCore - Extension - Tool - MimeType & Extensions - extension to get file mimetype(s) strings array from file extension string or to get file extension(s) strings array from file mimetype string.",
            "keywords": [
                "dynamic forms",
                "ext",
                "extension",
                "form",
                "forms",
                "framework",
                "html5",
                "mvc",
                "mvccore",
                "mvccore",
                "mvccore form",
                "plug-in",
                "plugin",
                "submit",
                "submitting",
                "validate",
                "validating",
                "validation",
                "web forms"
            ]
        },
        {
            "name": "mvccore/ext-view-helper",
            "version": "dev-master",
            "dist": {
                "type": "path",
                "url": "../../../packages/mvccore/ext-view-helper",
                "reference": "5a5fc736fd79b679c1c5e97c12af9542e3f247e4",
                "shasum": null
            },
            "require": {
                "mvccore/mvccore": "dev-master",
                "php": ">=5.4.0"
            },
            "type": "library",
            "autoload": {
                "classmap": [
                    "src/"
                ]
            },
            "license": [
                "BSD-3-Clause"
            ],
            "authors": [
                {
                    "name": "Tom Flidr",
                    "homepage": "https://github.com/tomFlidr"
                }
            ],
            "description": "MvcCore - Extension - View - Helper - abstract class code and interface support code to create more sofisticated view helpers with better setup and protected properties.",
            "keywords": [
                "abstract",
                "ext",
                "extension",
                "framework",
                "helper",
                "interface",
                "mvc",
                "mvccore",
                "plug-in",
                "plugin",
                "support",
                "view",
                "viewhelper"
            ]
        },
        {
            "name": "mvccore/ext-view-helper-assets",
            "version": "dev-master",
            "dist": {
                "type": "path",
                "url": "../../../packages/mvccore/ext-view-helper-assets",
                "reference": "734796ed1fd636b60b08c4586d9b0c6355c63bc5",
                "shasum": null
            },
            "require": {
                "mrclay/minify": "*",
                "mvccore/ext-view-helper": "dev-master",
                "mvccore/mvccore": "dev-master",
                "nette/safe-stream": "*",
                "php": ">=5.4.0"
            },
            "type": "library",
            "autoload": {
                "classmap": [
                    "src/"
                ]
            },
            "license": [
                "BSD-3-Clause"
            ],
            "authors": [
                {
                    "name": "Tom Flidr",
                    "homepage": "https://github.com/tomFlidr"
                }
            ],
            "description": "MvcCore - Extension - View - Helper - Assets - to group, render, minify and cache javascript and css files, to prepare all application assets for final application packing.",
            "keywords": [
                "assets",
                "assets caching",
                "assets completion",
                "css",
                "ext",
                "extension",
                "framework",
                "helper",
                "javascript",
                "js",
                "mvc",
                "mvccore",
                "packing",
                "plug-in",
                "plugin",
                "prepare",
                "sheets",
                "styles",
                "view",
                "viewhelper"
            ]
        },
        {
            "name": "mvccore/ext-view-helper-linebreaks",
            "version": "dev-master",
            "dist": {
                "type": "path",
                "url": "../../../packages/mvccore/ext-view-helper-linebreaks",
                "reference": "eebd0ed72cf20d6a8e26843e363d9d061eb25813",
                "shasum": null
            },
            "require": {
                "mvccore/ext-view-helper": "dev-master",
                "mvccore/mvccore": "dev-master",
                "php": ">=5.4.0"
            },
            "type": "library",
            "autoload": {
                "classmap": [
                    "src/"
                ]
            },
            "license": [
                "BSD-3-Clause"
            ],
            "authors": [
                {
                    "name": "Tom Flidr",
                    "homepage": "https://github.com/tomFlidr"
                }
            ],
            "description": "MvcCore - Extension - View - Helper - Line Breaks - processing any visible text content for non-line breaking spaces.",
            "keywords": [
                "conjunctions",
                "digits",
                "ext",
                "extension",
                "framework",
                "helper",
                "line breaks",
                "mvc",
                "mvccore",
                "new lines",
                "plug-in",
                "plugin",
                "shortcuts",
                "text",
                "units",
                "view",
                "viewhelper"
            ]
        },
        {
            "name": "mvccore/mvccore",
            "version": "dev-master",
            "dist": {
                "type": "path",
                "url": "../../../packages/mvccore/mvccore",
                "reference": "291c197b21a11c2efc9ff83694840596624603f9",
                "shasum": null
            },
            "require": {
                "php": ">=5.4.0"
            },
            "require-dev": {
                "mvccore/ext-debug-tracy": "*"
            },
            "suggest": {
                "mvccore/ext-tracy": "MvcCore Extension - Debug - Tracy (tracy/tracy) - adapter for better development."
            },
            "type": "library",
            "autoload": {
                "classmap": [
                    "src/"
                ],
                "files": [
                    "src/startup.php"
                ]
            },
            "license": [
                "BSD-3-Clause"
            ],
            "authors": [
                {
                    "name": "Tom Flidr",
                    "homepage": "https://github.com/tomFlidr"
                }
            ],
            "description": "MvcCore is PHP MVC framework to develop and pack projects (partialy or completely) into super fast single file apps and tools.",
            "keywords": [
                "config",
                "controller",
                "core",
                "debug",
                "easy mvc",
                "framework",
                "model",
                "mvc",
                "mvccore",
                "packed",
                "packed app",
                "packing",
                "plugins",
                "request",
                "response",
                "route",
                "router",
                "session",
                "simple mvc",
                "super fast app",
                "tool",
                "view"
            ]
        },
        {
            "name": "nette/safe-stream",
            "version": "dev-master",
            "dist": {
                "type": "path",
                "url": "../../../packages/nette/safe-stream",
                "reference": "cd51f7ef93175ad3e73bf3b6a39d6d7dfe9df789",
                "shasum": null
            },
            "require": {
                "php": ">=5.3.1"
            },
            "conflict": {
                "nette/nette": "<2.2"
            },
            "require-dev": {
                "nette/tester": "~1.7",
                "tracy/tracy": "^2.3"
            },
            "type": "library",
            "extra": {
                "branch-alias": {
                    "dev-master": "2.3-dev"
                }
            },
            "autoload": {
                "files": [
                    "src/loader.php"
                ]
            },
            "license": [
                "BSD-3-Clause",
                "GPL-2.0",
                "GPL-3.0"
            ],
            "authors": [
                {
                    "name": "David Grudl",
                    "homepage": "https://davidgrudl.com"
                },
                {
                    "name": "Nette Community",
                    "homepage": "https://nette.org/contributors"
                }
            ],
            "description": "Nette SafeStream: atomic and safe manipulation with files via native PHP functions.",
            "homepage": "https://nette.org",
            "keywords": [
                "atomic",
                "filesystem",
                "nette",
                "safe"
            ]
        },
        {
            "name": "tracy/tracy",
            "version": "dev-master",
            "dist": {
                "type": "path",
                "url": "../../../packages/tracy/tracy",
                "reference": "76a22ad589596c64edf11dadc522060ee26eb0ef",
                "shasum": null
            },
            "require": {
                "ext-json": "*",
                "ext-session": "*",
                "php": ">=5.4.4"
            },
            "require-dev": {
                "nette/di": "~2.3",
                "nette/tester": "~1.7"
            },
            "suggest": {
                "https://nette.org/donate": "Please support Tracy via a donation"
            },
            "type": "library",
            "extra": {
                "branch-alias": {
                    "dev-master": "2.4-dev"
                }
            },
            "autoload": {
                "classmap": [
                    "src"
                ],
                "files": [
                    "src/shortcuts.php"
                ]
            },
            "license": [
                "BSD-3-Clause"
            ],
            "authors": [
                {
                    "name": "David Grudl",
                    "homepage": "https://davidgrudl.com"
                },
                {
                    "name": "Nette Community",
                    "homepage": "https://nette.org/contributors"
                }
            ],
            "description": "😎 Tracy: the addictive tool to ease debugging PHP code for cool developers. Friendly design, logging, profiler, advanced features like debugging AJAX calls or CLI support. You will love it.",
            "homepage": "https://tracy.nette.org",
            "keywords": [
                "debug",
                "debugger",
                "nette",
                "profiler",
                "xdebug"
            ]
        }
    ],
    "packages-dev": [],
    "aliases": [],
    "minimum-stability": "dev",
    "stability-flags": {
        "mvccore/mvccore": 20,
        "mvccore/ext-form": 20,
        "mvccore/ext-form-field-button": 20,
        "mvccore/ext-form-field-date": 20,
        "mvccore/ext-form-field-numeric": 20,
        "mvccore/ext-form-field-selection": 20,
        "mvccore/ext-form-field-text": 20,
        "mvccore/ext-form-validator-special": 20,
        "mvccore/ext-tool-mimetype-extension": 20,
        "mvccore/ext-router-media": 20,
        "mvccore/ext-view-helper-assets": 20,
        "mvccore/ext-view-helper-linebreaks": 20,
        "mvccore/ext-auth-basic": 20,
        "mvccore/ext-debug-tracy": 20,
        "mvccore/ext-debug-tracy-auth": 20,
        "mvccore/ext-debug-tracy-mvccore": 20,
        "mvccore/ext-debug-tracy-routing": 20,
        "mvccore/ext-debug-tracy-session": 20
    },
    "prefer-stable": false,
    "prefer-lowest": false,
    "platform": {
        "php": ">=5.4.0"
    },
    "platform-dev": []
}
